{
  "name": "@guochenwang/lggc",
  "version": "0.1.0",
  "lockfileVersion": 3,
  "requires": true,
  "packages": {
    "": {
      "name": "@guochenwang/lggc",
      "version": "0.1.0",
      "license": "MIT",
      "dependencies": {
        "@guochenwang/lggc": "^0.1.0"
      }
    },
    "node_modules/@guochenwang/lggc": {
      "version": "0.1.0",
      "resolved": "https://registry.npmjs.org/@guochenwang/lggc/-/lggc-0.1.0.tgz",
      "integrity": "sha512-YvahbKZ+kECLJzCYDMyrgoEG3EdIKNhJsfeKh3t/VYH60EPk2RW09iN4M3yg1L6VfPYobuSP8AeQeXKUGvUpLg==",
      "license": "MIT"
    }
  }
}
